
Microsoft Visual Studio Solution File, Format Version 12.00
# Visual Studio Version 17
VisualStudioVersion = 17.0.31903.59
MinimumVisualStudioVersion = 10.0.40219.1
Project("{FAE04EC0-301F-11D3-BF4B-00C04F79EFBC}") = "SciNotation.NET", "SciNotation.NET\SciNotation.NET.csproj", "{D71B59D5-E8C9-46C8-9009-4A19BAF3CDE5}"
EndProject
Project("{FAE04EC0-301F-11D3-BF4B-00C04F79EFBC}") = "SciNotation.NET.Tests", "SciNotation.NET.Tests\SciNotation.NET.Tests.csproj", "{BEA02F89-A569-4A37-A89A-1D5A01A378AB}"
EndProject
Project("{2150E333-8FDC-42A3-9474-1A3956D46DE8}") = "Solution Items", "Solution Items", "{8EC462FD-D22E-90A8-E5CE-7E832BA40C5D}"
	ProjectSection(SolutionItems) = preProject
		.gitignore = .gitignore
		README.md = README.md
	EndProjectSection
EndProject
Project("{2150E333-8FDC-42A3-9474-1A3956D46DE8}") = ".github", ".github", "{02EA681E-C7D8-13C7-8484-4AC65E1B71E8}"
EndProject
Project("{2150E333-8FDC-42A3-9474-1A3956D46DE8}") = "workflows", "workflows", "{F8401336-28BC-4CAE-AC94-4DFF33282B56}"
EndProject
Global
	GlobalSection(SolutionConfigurationPlatforms) = preSolution
		Debug|Any CPU = Debug|Any CPU
		Debug|x64 = Debug|x64
		Debug|x86 = Debug|x86
		Release|Any CPU = Release|Any CPU
		Release|x64 = Release|x64
		Release|x86 = Release|x86
	EndGlobalSection
	GlobalSection(ProjectConfigurationPlatforms) = postSolution
		{D71B59D5-E8C9-46C8-9009-4A19BAF3CDE5}.Debug|Any CPU.ActiveCfg = Debug|Any CPU
		{D71B59D5-E8C9-46C8-9009-4A19BAF3CDE5}.Debug|Any CPU.Build.0 = Debug|Any CPU
		{D71B59D5-E8C9-46C8-9009-4A19BAF3CDE5}.Debug|x64.ActiveCfg = Debug|Any CPU
		{D71B59D5-E8C9-46C8-9009-4A19BAF3CDE5}.Debug|x64.Build.0 = Debug|Any CPU
		{D71B59D5-E8C9-46C8-9009-4A19BAF3CDE5}.Debug|x86.ActiveCfg = Debug|Any CPU
		{D71B59D5-E8C9-46C8-9009-4A19BAF3CDE5}.Debug|x86.Build.0 = Debug|Any CPU
		{D71B59D5-E8C9-46C8-9009-4A19BAF3CDE5}.Release|Any CPU.ActiveCfg = Release|Any CPU
		{D71B59D5-E8C9-46C8-9009-4A19BAF3CDE5}.Release|Any CPU.Build.0 = Release|Any CPU
		{D71B59D5-E8C9-46C8-9009-4A19BAF3CDE5}.Release|x64.ActiveCfg = Release|Any CPU
		{D71B59D5-E8C9-46C8-9009-4A19BAF3CDE5}.Release|x64.Build.0 = Release|Any CPU
		{D71B59D5-E8C9-46C8-9009-4A19BAF3CDE5}.Release|x86.ActiveCfg = Release|Any CPU
		{D71B59D5-E8C9-46C8-9009-4A19BAF3CDE5}.Release|x86.Build.0 = Release|Any CPU
		{BEA02F89-A569-4A37-A89A-1D5A01A378AB}.Debug|Any CPU.ActiveCfg = Debug|Any CPU
		{BEA02F89-A569-4A37-A89A-1D5A01A378AB}.Debug|Any CPU.Build.0 = Debug|Any CPU
		{BEA02F89-A569-4A37-A89A-1D5A01A378AB}.Debug|x64.ActiveCfg = Debug|Any CPU
		{BEA02F89-A569-4A37-A89A-1D5A01A378AB}.Debug|x64.Build.0 = Debug|Any CPU
		{BEA02F89-A569-4A37-A89A-1D5A01A378AB}.Debug|x86.ActiveCfg = Debug|Any CPU
		{BEA02F89-A569-4A37-A89A-1D5A01A378AB}.Debug|x86.Build.0 = Debug|Any CPU
		{BEA02F89-A569-4A37-A89A-1D5A01A378AB}.Release|Any CPU.ActiveCfg = Release|Any CPU
		{BEA02F89-A569-4A37-A89A-1D5A01A378AB}.Release|Any CPU.Build.0 = Release|Any CPU
		{BEA02F89-A569-4A37-A89A-1D5A01A378AB}.Release|x64.ActiveCfg = Release|Any CPU
		{BEA02F89-A569-4A37-A89A-1D5A01A378AB}.Release|x64.Build.0 = Release|Any CPU
		{BEA02F89-A569-4A37-A89A-1D5A01A378AB}.Release|x86.ActiveCfg = Release|Any CPU
		{BEA02F89-A569-4A37-A89A-1D5A01A378AB}.Release|x86.Build.0 = Release|Any CPU
	EndGlobalSection
	GlobalSection(SolutionProperties) = preSolution
		HideSolutionNode = FALSE
	EndGlobalSection
	GlobalSection(NestedProjects) = preSolution
		{F8401336-28BC-4CAE-AC94-4DFF33282B56} = {02EA681E-C7D8-13C7-8484-4AC65E1B71E8}
	EndGlobalSection
	GlobalSection(ExtensibilityGlobals) = postSolution
		SolutionGuid = {45A4E985-72CD-4A6F-A449-1CBCAACF298A}
	EndGlobalSection
EndGlobal
